
Microsoft Visual Studio Solution File, Format Version 12.00
# Visual Studio Version 16
VisualStudioVersion = 16.0.30413.136
MinimumVisualStudioVersion = 10.0.40219.1
Project("{FAE04EC0-301F-11D3-BF4B-00C04F79EFBC}") = "DO AN 1", "DO AN 1\DO AN 1.csproj", "{03B39B42-DF49-442D-9CB6-612A449C573B}"
EndProject
Global
	GlobalSection(SolutionConfigurationPlatforms) = preSolution
		Debug|Any CPU = Debug|Any CPU
		Release|Any CPU = Release|Any CPU
	EndGlobalSection
	GlobalSection(ProjectConfigurationPlatforms) = postSolution
		{03B39B42-DF49-442D-9CB6-612A449C573B}.Debug|Any CPU.ActiveCfg = Debug|Any CPU
		{03B39B42-DF49-442D-9CB6-612A449C573B}.Debug|Any CPU.Build.0 = Debug|Any CPU
		{03B39B42-DF49-442D-9CB6-612A449C573B}.Release|Any CPU.ActiveCfg = Release|Any CPU
		{03B39B42-DF49-442D-9CB6-612A449C573B}.Release|Any CPU.Build.0 = Release|Any CPU
	EndGlobalSection
	GlobalSection(SolutionProperties) = preSolution
		HideSolutionNode = FALSE
	EndGlobalSection
	GlobalSection(ExtensibilityGlobals) = postSolution
		SolutionGuid = {6DC2A2DA-D72F-42CD-AB4C-CC2C78CECB6B}
	EndGlobalSection
EndGlobal
